
Microsoft Visual Studio Solution File, Format Version 12.00
# Visual Studio 15
VisualStudioVersion = 15.0.27428.2005
MinimumVisualStudioVersion = 10.0.40219.1
Project("{8BC9CEB8-8B4A-11D0-8D11-00A0C91BC942}") = "2-2-函数默认参数", "2-2-函数默认参数\2-2-函数默认参数.vcxproj", "{23DEC70D-A0FF-4ED8-B365-247EF85CDAD6}"
EndProject
Project("{8BC9CEB8-8B4A-11D0-8D11-00A0C91BC942}") = "2-3-构造与析构", "2-3-构造与析构\2-3-构造与析构.vcxproj", "{524743CE-158D-45FC-8ADC-F5043FE295BD}"
EndProject
Project("{8BC9CEB8-8B4A-11D0-8D11-00A0C91BC942}") = "3-3-构造函数初始化列表", "3-3-构造函数初始化列表\3-3-构造函数初始化列表.vcxproj", "{EC037FE0-6A26-4AB7-9155-D3B25D089282}"
EndProject
Project("{8BC9CEB8-8B4A-11D0-8D11-00A0C91BC942}") = "3-1-类内部成员初始化", "3-1-类内部成员初始化\3-1-类内部成员初始化.vcxproj", "{6B7D60C4-2B0E-4FA7-854A-F5E6A2ECE010}"
EndProject
Project("{8BC9CEB8-8B4A-11D0-8D11-00A0C91BC942}") = "3-2-类静态成员", "3-2-类静态成员\3-2-类静态成员.vcxproj", "{1AC88691-1DFE-4087-A3E6-A81784AF0D4C}"
EndProject
Project("{8BC9CEB8-8B4A-11D0-8D11-00A0C91BC942}") = "2-4-构造函数用例", "2-4-构造函数用例\2-4-构造函数用例.vcxproj", "{71C43D0B-E89B-4985-8A12-25F7D47544DB}"
EndProject
Project("{8BC9CEB8-8B4A-11D0-8D11-00A0C91BC942}") = "4-1-类练习之仓库管理", "4-1-类练习之仓库管理\4-1-类练习之仓库管理.vcxproj", "{C86E8E0A-2885-4B8F-975B-9CD55D77A7B1}"
EndProject
Project("{8BC9CEB8-8B4A-11D0-8D11-00A0C91BC942}") = "4-2-后加加重载", "4-2-后加加重载\4-2-后加加重载.vcxproj", "{9334CD98-32D1-4F3A-BF90-35E5C794762C}"
EndProject
Project("{8BC9CEB8-8B4A-11D0-8D11-00A0C91BC942}") = "5-1-自定义字符串类", "5-1-自定义字符串类\5-1-自定义字符串类.vcxproj", "{E268B121-3966-4D28-A77C-4B3DFFF4B691}"
EndProject
Project("{8BC9CEB8-8B4A-11D0-8D11-00A0C91BC942}") = "6-1-类访问权限与继承关系", "6-1-类访问权限与继承关系\6-1-类访问权限与继承关系.vcxproj", "{7BE1B052-2EE0-434A-9C55-BEFF9AB5A2E7}"
EndProject
Project("{8BC9CEB8-8B4A-11D0-8D11-00A0C91BC942}") = "6-3-多态", "6-3-多态\6-3-多态.vcxproj", "{8300195D-6113-416B-B2B7-EDD775367FD5}"
EndProject
Project("{8BC9CEB8-8B4A-11D0-8D11-00A0C91BC942}") = "6-2-类的赋值兼容性问题", "6-2-类的赋值兼容性问题\6-2-类的赋值兼容性问题.vcxproj", "{1F41CFE0-7D15-4701-A3BD-B8963AC5DACC}"
EndProject
Project("{8BC9CEB8-8B4A-11D0-8D11-00A0C91BC942}") = "7-1-vptr分步初始化", "7-1-vptr分步初始化\7-1-vptr分步初始化.vcxproj", "{F2C2886E-A2FC-4810-A94E-D935C63A308E}"
EndProject
Project("{8BC9CEB8-8B4A-11D0-8D11-00A0C91BC942}") = "8-1-函数指针", "8-1-函数指针\8-1-函数指针.vcxproj", "{59AB5920-6F32-42D8-8A9D-766B9F59D4A5}"
EndProject
Global
	GlobalSection(SolutionConfigurationPlatforms) = preSolution
		Debug|x64 = Debug|x64
		Debug|x86 = Debug|x86
		Release|x64 = Release|x64
		Release|x86 = Release|x86
	EndGlobalSection
	GlobalSection(ProjectConfigurationPlatforms) = postSolution
		{23DEC70D-A0FF-4ED8-B365-247EF85CDAD6}.Debug|x64.ActiveCfg = Debug|x64
		{23DEC70D-A0FF-4ED8-B365-247EF85CDAD6}.Debug|x64.Build.0 = Debug|x64
		{23DEC70D-A0FF-4ED8-B365-247EF85CDAD6}.Debug|x86.ActiveCfg = Debug|Win32
		{23DEC70D-A0FF-4ED8-B365-247EF85CDAD6}.Debug|x86.Build.0 = Debug|Win32
		{23DEC70D-A0FF-4ED8-B365-247EF85CDAD6}.Release|x64.ActiveCfg = Release|x64
		{23DEC70D-A0FF-4ED8-B365-247EF85CDAD6}.Release|x64.Build.0 = Release|x64
		{23DEC70D-A0FF-4ED8-B365-247EF85CDAD6}.Release|x86.ActiveCfg = Release|Win32
		{23DEC70D-A0FF-4ED8-B365-247EF85CDAD6}.Release|x86.Build.0 = Release|Win32
		{524743CE-158D-45FC-8ADC-F5043FE295BD}.Debug|x64.ActiveCfg = Debug|x64
		{524743CE-158D-45FC-8ADC-F5043FE295BD}.Debug|x64.Build.0 = Debug|x64
		{524743CE-158D-45FC-8ADC-F5043FE295BD}.Debug|x86.ActiveCfg = Debug|Win32
		{524743CE-158D-45FC-8ADC-F5043FE295BD}.Debug|x86.Build.0 = Debug|Win32
		{524743CE-158D-45FC-8ADC-F5043FE295BD}.Release|x64.ActiveCfg = Release|x64
		{524743CE-158D-45FC-8ADC-F5043FE295BD}.Release|x64.Build.0 = Release|x64
		{524743CE-158D-45FC-8ADC-F5043FE295BD}.Release|x86.ActiveCfg = Release|Win32
		{524743CE-158D-45FC-8ADC-F5043FE295BD}.Release|x86.Build.0 = Release|Win32
		{EC037FE0-6A26-4AB7-9155-D3B25D089282}.Debug|x64.ActiveCfg = Debug|x64
		{EC037FE0-6A26-4AB7-9155-D3B25D089282}.Debug|x64.Build.0 = Debug|x64
		{EC037FE0-6A26-4AB7-9155-D3B25D089282}.Debug|x86.ActiveCfg = Debug|Win32
		{EC037FE0-6A26-4AB7-9155-D3B25D089282}.Debug|x86.Build.0 = Debug|Win32
		{EC037FE0-6A26-4AB7-9155-D3B25D089282}.Release|x64.ActiveCfg = Release|x64
		{EC037FE0-6A26-4AB7-9155-D3B25D089282}.Release|x64.Build.0 = Release|x64
		{EC037FE0-6A26-4AB7-9155-D3B25D089282}.Release|x86.ActiveCfg = Release|Win32
		{EC037FE0-6A26-4AB7-9155-D3B25D089282}.Release|x86.Build.0 = Release|Win32
		{6B7D60C4-2B0E-4FA7-854A-F5E6A2ECE010}.Debug|x64.ActiveCfg = Debug|x64
		{6B7D60C4-2B0E-4FA7-854A-F5E6A2ECE010}.Debug|x64.Build.0 = Debug|x64
		{6B7D60C4-2B0E-4FA7-854A-F5E6A2ECE010}.Debug|x86.ActiveCfg = Debug|Win32
		{6B7D60C4-2B0E-4FA7-854A-F5E6A2ECE010}.Debug|x86.Build.0 = Debug|Win32
		{6B7D60C4-2B0E-4FA7-854A-F5E6A2ECE010}.Release|x64.ActiveCfg = Release|x64
		{6B7D60C4-2B0E-4FA7-854A-F5E6A2ECE010}.Release|x64.Build.0 = Release|x64
		{6B7D60C4-2B0E-4FA7-854A-F5E6A2ECE010}.Release|x86.ActiveCfg = Release|Win32
		{6B7D60C4-2B0E-4FA7-854A-F5E6A2ECE010}.Release|x86.Build.0 = Release|Win32
		{1AC88691-1DFE-4087-A3E6-A81784AF0D4C}.Debug|x64.ActiveCfg = Debug|x64
		{1AC88691-1DFE-4087-A3E6-A81784AF0D4C}.Debug|x64.Build.0 = Debug|x64
		{1AC88691-1DFE-4087-A3E6-A81784AF0D4C}.Debug|x86.ActiveCfg = Debug|Win32
		{1AC88691-1DFE-4087-A3E6-A81784AF0D4C}.Debug|x86.Build.0 = Debug|Win32
		{1AC88691-1DFE-4087-A3E6-A81784AF0D4C}.Release|x64.ActiveCfg = Release|x64
		{1AC88691-1DFE-4087-A3E6-A81784AF0D4C}.Release|x64.Build.0 = Release|x64
		{1AC88691-1DFE-4087-A3E6-A81784AF0D4C}.Release|x86.ActiveCfg = Release|Win32
		{1AC88691-1DFE-4087-A3E6-A81784AF0D4C}.Release|x86.Build.0 = Release|Win32
		{71C43D0B-E89B-4985-8A12-25F7D47544DB}.Debug|x64.ActiveCfg = Debug|x64
		{71C43D0B-E89B-4985-8A12-25F7D47544DB}.Debug|x64.Build.0 = Debug|x64
		{71C43D0B-E89B-4985-8A12-25F7D47544DB}.Debug|x86.ActiveCfg = Debug|Win32
		{71C43D0B-E89B-4985-8A12-25F7D47544DB}.Debug|x86.Build.0 = Debug|Win32
		{71C43D0B-E89B-4985-8A12-25F7D47544DB}.Release|x64.ActiveCfg = Release|x64
		{71C43D0B-E89B-4985-8A12-25F7D47544DB}.Release|x64.Build.0 = Release|x64
		{71C43D0B-E89B-4985-8A12-25F7D47544DB}.Release|x86.ActiveCfg = Release|Win32
		{71C43D0B-E89B-4985-8A12-25F7D47544DB}.Release|x86.Build.0 = Release|Win32
		{C86E8E0A-2885-4B8F-975B-9CD55D77A7B1}.Debug|x64.ActiveCfg = Debug|x64
		{C86E8E0A-2885-4B8F-975B-9CD55D77A7B1}.Debug|x64.Build.0 = Debug|x64
		{C86E8E0A-2885-4B8F-975B-9CD55D77A7B1}.Debug|x86.ActiveCfg = Debug|Win32
		{C86E8E0A-2885-4B8F-975B-9CD55D77A7B1}.Debug|x86.Build.0 = Debug|Win32
		{C86E8E0A-2885-4B8F-975B-9CD55D77A7B1}.Release|x64.ActiveCfg = Release|x64
		{C86E8E0A-2885-4B8F-975B-9CD55D77A7B1}.Release|x64.Build.0 = Release|x64
		{C86E8E0A-2885-4B8F-975B-9CD55D77A7B1}.Release|x86.ActiveCfg = Release|Win32
		{C86E8E0A-2885-4B8F-975B-9CD55D77A7B1}.Release|x86.Build.0 = Release|Win32
		{9334CD98-32D1-4F3A-BF90-35E5C794762C}.Debug|x64.ActiveCfg = Debug|x64
		{9334CD98-32D1-4F3A-BF90-35E5C794762C}.Debug|x64.Build.0 = Debug|x64
		{9334CD98-32D1-4F3A-BF90-35E5C794762C}.Debug|x86.ActiveCfg = Debug|Win32
		{9334CD98-32D1-4F3A-BF90-35E5C794762C}.Debug|x86.Build.0 = Debug|Win32
		{9334CD98-32D1-4F3A-BF90-35E5C794762C}.Release|x64.ActiveCfg = Release|x64
		{9334CD98-32D1-4F3A-BF90-35E5C794762C}.Release|x64.Build.0 = Release|x64
		{9334CD98-32D1-4F3A-BF90-35E5C794762C}.Release|x86.ActiveCfg = Release|Win32
		{9334CD98-32D1-4F3A-BF90-35E5C794762C}.Release|x86.Build.0 = Release|Win32
		{E268B121-3966-4D28-A77C-4B3DFFF4B691}.Debug|x64.ActiveCfg = Debug|x64
		{E268B121-3966-4D28-A77C-4B3DFFF4B691}.Debug|x64.Build.0 = Debug|x64
		{E268B121-3966-4D28-A77C-4B3DFFF4B691}.Debug|x86.ActiveCfg = Debug|Win32
		{E268B121-3966-4D28-A77C-4B3DFFF4B691}.Debug|x86.Build.0 = Debug|Win32
		{E268B121-3966-4D28-A77C-4B3DFFF4B691}.Release|x64.ActiveCfg = Release|x64
		{E268B121-3966-4D28-A77C-4B3DFFF4B691}.Release|x64.Build.0 = Release|x64
		{E268B121-3966-4D28-A77C-4B3DFFF4B691}.Release|x86.ActiveCfg = Release|Win32
		{E268B121-3966-4D28-A77C-4B3DFFF4B691}.Release|x86.Build.0 = Release|Win32
		{7BE1B052-2EE0-434A-9C55-BEFF9AB5A2E7}.Debug|x64.ActiveCfg = Debug|x64
		{7BE1B052-2EE0-434A-9C55-BEFF9AB5A2E7}.Debug|x64.Build.0 = Debug|x64
		{7BE1B052-2EE0-434A-9C55-BEFF9AB5A2E7}.Debug|x86.ActiveCfg = Debug|Win32
		{7BE1B052-2EE0-434A-9C55-BEFF9AB5A2E7}.Debug|x86.Build.0 = Debug|Win32
		{7BE1B052-2EE0-434A-9C55-BEFF9AB5A2E7}.Release|x64.ActiveCfg = Release|x64
		{7BE1B052-2EE0-434A-9C55-BEFF9AB5A2E7}.Release|x64.Build.0 = Release|x64
		{7BE1B052-2EE0-434A-9C55-BEFF9AB5A2E7}.Release|x86.ActiveCfg = Release|Win32
		{7BE1B052-2EE0-434A-9C55-BEFF9AB5A2E7}.Release|x86.Build.0 = Release|Win32
		{8300195D-6113-416B-B2B7-EDD775367FD5}.Debug|x64.ActiveCfg = Debug|x64
		{8300195D-6113-416B-B2B7-EDD775367FD5}.Debug|x64.Build.0 = Debug|x64
		{8300195D-6113-416B-B2B7-EDD775367FD5}.Debug|x86.ActiveCfg = Debug|Win32
		{8300195D-6113-416B-B2B7-EDD775367FD5}.Debug|x86.Build.0 = Debug|Win32
		{8300195D-6113-416B-B2B7-EDD775367FD5}.Release|x64.ActiveCfg = Release|x64
		{8300195D-6113-416B-B2B7-EDD775367FD5}.Release|x64.Build.0 = Release|x64
		{8300195D-6113-416B-B2B7-EDD775367FD5}.Release|x86.ActiveCfg = Release|Win32
		{8300195D-6113-416B-B2B7-EDD775367FD5}.Release|x86.Build.0 = Release|Win32
		{1F41CFE0-7D15-4701-A3BD-B8963AC5DACC}.Debug|x64.ActiveCfg = Debug|x64
		{1F41CFE0-7D15-4701-A3BD-B8963AC5DACC}.Debug|x64.Build.0 = Debug|x64
		{1F41CFE0-7D15-4701-A3BD-B8963AC5DACC}.Debug|x86.ActiveCfg = Debug|Win32
		{1F41CFE0-7D15-4701-A3BD-B8963AC5DACC}.Debug|x86.Build.0 = Debug|Win32
		{1F41CFE0-7D15-4701-A3BD-B8963AC5DACC}.Release|x64.ActiveCfg = Release|x64
		{1F41CFE0-7D15-4701-A3BD-B8963AC5DACC}.Release|x64.Build.0 = Release|x64
		{1F41CFE0-7D15-4701-A3BD-B8963AC5DACC}.Release|x86.ActiveCfg = Release|Win32
		{1F41CFE0-7D15-4701-A3BD-B8963AC5DACC}.Release|x86.Build.0 = Release|Win32
		{F2C2886E-A2FC-4810-A94E-D935C63A308E}.Debug|x64.ActiveCfg = Debug|x64
		{F2C2886E-A2FC-4810-A94E-D935C63A308E}.Debug|x64.Build.0 = Debug|x64
		{F2C2886E-A2FC-4810-A94E-D935C63A308E}.Debug|x86.ActiveCfg = Debug|Win32
		{F2C2886E-A2FC-4810-A94E-D935C63A308E}.Debug|x86.Build.0 = Debug|Win32
		{F2C2886E-A2FC-4810-A94E-D935C63A308E}.Release|x64.ActiveCfg = Release|x64
		{F2C2886E-A2FC-4810-A94E-D935C63A308E}.Release|x64.Build.0 = Release|x64
		{F2C2886E-A2FC-4810-A94E-D935C63A308E}.Release|x86.ActiveCfg = Release|Win32
		{F2C2886E-A2FC-4810-A94E-D935C63A308E}.Release|x86.Build.0 = Release|Win32
		{59AB5920-6F32-42D8-8A9D-766B9F59D4A5}.Debug|x64.ActiveCfg = Debug|x64
		{59AB5920-6F32-42D8-8A9D-766B9F59D4A5}.Debug|x64.Build.0 = Debug|x64
		{59AB5920-6F32-42D8-8A9D-766B9F59D4A5}.Debug|x86.ActiveCfg = Debug|Win32
		{59AB5920-6F32-42D8-8A9D-766B9F59D4A5}.Debug|x86.Build.0 = Debug|Win32
		{59AB5920-6F32-42D8-8A9D-766B9F59D4A5}.Release|x64.ActiveCfg = Release|x64
		{59AB5920-6F32-42D8-8A9D-766B9F59D4A5}.Release|x64.Build.0 = Release|x64
		{59AB5920-6F32-42D8-8A9D-766B9F59D4A5}.Release|x86.ActiveCfg = Release|Win32
		{59AB5920-6F32-42D8-8A9D-766B9F59D4A5}.Release|x86.Build.0 = Release|Win32
	EndGlobalSection
	GlobalSection(SolutionProperties) = preSolution
		HideSolutionNode = FALSE
	EndGlobalSection
	GlobalSection(ExtensibilityGlobals) = postSolution
		SolutionGuid = {7C08E535-DD62-4D90-BDE0-4AFA9959A936}
	EndGlobalSection
EndGlobal
